
Microsoft Visual Studio Solution File, Format Version 10.00
# Visual Studio 2008
Project("{FAE04EC0-301F-11D3-BF4B-00C04F79EFBC}") = "CC.Hearts", "CC.Hearts\CC.Hearts.csproj", "{7F5B7A79-0D46-4991-827F-92F8DDE02F6D}"
EndProject
Project("{2150E333-8FDC-42A3-9474-1A3956D46DE8}") = "Libraries", "Libraries", "{708582C6-C58F-4973-8669-EBDD6A9BEA44}"
	ProjectSection(SolutionItems) = preProject
		Libraries\CC.Utilities.dll = Libraries\CC.Utilities.dll
		Libraries\CC.Utilities.pdb = Libraries\CC.Utilities.pdb
		Libraries\CC.Utilities.xml = Libraries\CC.Utilities.xml
	EndProjectSection
EndProject
Global
	GlobalSection(TeamFoundationVersionControl) = preSolution
		SccNumberOfProjects = 2
		SccEnterpriseProvider = {4CA58AB2-18FA-4F8D-95D4-32DDF27D184C}
		SccTeamFoundationServer = https://tfs01.codeplex.com/
		SccLocalPath0 = .
		SccProjectUniqueName1 = CC.Hearts\\CC.Hearts.csproj
		SccProjectName1 = CC.Hearts
		SccLocalPath1 = CC.Hearts
	EndGlobalSection
	GlobalSection(SolutionConfigurationPlatforms) = preSolution
		Debug|Any CPU = Debug|Any CPU
		Release|Any CPU = Release|Any CPU
	EndGlobalSection
	GlobalSection(ProjectConfigurationPlatforms) = postSolution
		{7F5B7A79-0D46-4991-827F-92F8DDE02F6D}.Debug|Any CPU.ActiveCfg = Debug|Any CPU
		{7F5B7A79-0D46-4991-827F-92F8DDE02F6D}.Debug|Any CPU.Build.0 = Debug|Any CPU
		{7F5B7A79-0D46-4991-827F-92F8DDE02F6D}.Release|Any CPU.ActiveCfg = Release|Any CPU
		{7F5B7A79-0D46-4991-827F-92F8DDE02F6D}.Release|Any CPU.Build.0 = Release|Any CPU
	EndGlobalSection
	GlobalSection(SolutionProperties) = preSolution
		HideSolutionNode = FALSE
	EndGlobalSection
EndGlobal
